
Microsoft Visual Studio Solution File, Format Version 12.00
# Visual Studio Version 17
VisualStudioVersion = 17.9.34728.123
MinimumVisualStudioVersion = 10.0.40219.1
Project("{FAE04EC0-301F-11D3-BF4B-00C04F79EFBC}") = "WebAPIApp", "WebAPIApp\WebAPIApp.csproj", "{5C3E9DC4-F193-4849-B91F-97EAD2100C91}"
EndProject
Global
	GlobalSection(SolutionConfigurationPlatforms) = preSolution
		Debug|Any CPU = Debug|Any CPU
		Release|Any CPU = Release|Any CPU
	EndGlobalSection
	GlobalSection(ProjectConfigurationPlatforms) = postSolution
		{5C3E9DC4-F193-4849-B91F-97EAD2100C91}.Debug|Any CPU.ActiveCfg = Debug|Any CPU
		{5C3E9DC4-F193-4849-B91F-97EAD2100C91}.Debug|Any CPU.Build.0 = Debug|Any CPU
		{5C3E9DC4-F193-4849-B91F-97EAD2100C91}.Release|Any CPU.ActiveCfg = Release|Any CPU
		{5C3E9DC4-F193-4849-B91F-97EAD2100C91}.Release|Any CPU.Build.0 = Release|Any CPU
	EndGlobalSection
	GlobalSection(SolutionProperties) = preSolution
		HideSolutionNode = FALSE
	EndGlobalSection
	GlobalSection(ExtensibilityGlobals) = postSolution
		SolutionGuid = {A1656EFB-22CB-4353-802C-F4184793E265}
	EndGlobalSection
EndGlobal
